
Microsoft Visual Studio Solution File, Format Version 12.00
# Visual Studio Version 16
VisualStudioVersion = 16.0.30320.27
MinimumVisualStudioVersion = 10.0.40219.1
Project("{FAE04EC0-301F-11D3-BF4B-00C04F79EFBC}") = "LootBoxes", "LootBoxes.csproj", "{0A2E193B-C1AA-40E7-A8D8-C9240F0734AD}"
EndProject
Global
	GlobalSection(SolutionConfigurationPlatforms) = preSolution
		Debug|Any CPU = Debug|Any CPU
		Release|Any CPU = Release|Any CPU
	EndGlobalSection
	GlobalSection(ProjectConfigurationPlatforms) = postSolution
		{0A2E193B-C1AA-40E7-A8D8-C9240F0734AD}.Debug|Any CPU.ActiveCfg = Debug|Any CPU
		{0A2E193B-C1AA-40E7-A8D8-C9240F0734AD}.Debug|Any CPU.Build.0 = Debug|Any CPU
		{0A2E193B-C1AA-40E7-A8D8-C9240F0734AD}.Release|Any CPU.ActiveCfg = Release|Any CPU
		{0A2E193B-C1AA-40E7-A8D8-C9240F0734AD}.Release|Any CPU.Build.0 = Release|Any CPU
	EndGlobalSection
	GlobalSection(SolutionProperties) = preSolution
		HideSolutionNode = FALSE
	EndGlobalSection
	GlobalSection(ExtensibilityGlobals) = postSolution
		SolutionGuid = {FD980791-8042-4741-A1B0-10F23484FF81}
	EndGlobalSection
EndGlobal
